
Microsoft Visual Studio Solution File, Format Version 12.00
# Visual Studio Version 17
VisualStudioVersion = 17.1.32228.430
MinimumVisualStudioVersion = 10.0.40219.1
Project("{FAE04EC0-301F-11D3-BF4B-00C04F79EFBC}") = "Chat(teste)", "Chat(teste)\Chat(teste).csproj", "{4D93BBF0-8C23-43D8-B0EE-39BD6E770019}"
EndProject
Global
	GlobalSection(SolutionConfigurationPlatforms) = preSolution
		Debug|Any CPU = Debug|Any CPU
		Release|Any CPU = Release|Any CPU
	EndGlobalSection
	GlobalSection(ProjectConfigurationPlatforms) = postSolution
		{4D93BBF0-8C23-43D8-B0EE-39BD6E770019}.Debug|Any CPU.ActiveCfg = Debug|Any CPU
		{4D93BBF0-8C23-43D8-B0EE-39BD6E770019}.Debug|Any CPU.Build.0 = Debug|Any CPU
		{4D93BBF0-8C23-43D8-B0EE-39BD6E770019}.Release|Any CPU.ActiveCfg = Release|Any CPU
		{4D93BBF0-8C23-43D8-B0EE-39BD6E770019}.Release|Any CPU.Build.0 = Release|Any CPU
	EndGlobalSection
	GlobalSection(SolutionProperties) = preSolution
		HideSolutionNode = FALSE
	EndGlobalSection
	GlobalSection(ExtensibilityGlobals) = postSolution
		SolutionGuid = {461534A9-3B65-4545-9C33-701E06A83BA3}
	EndGlobalSection
EndGlobal
